
Microsoft Visual Studio Solution File, Format Version 12.00
# Visual Studio Version 16
VisualStudioVersion = 16.0.32228.343
MinimumVisualStudioVersion = 10.0.40219.1
Project("{FAE04EC0-301F-11D3-BF4B-00C04F79EFBC}") = "24aprel", "24aprel\24aprel.csproj", "{5D4FCAEE-4F58-44EF-B4D9-437B3D2F17B7}"
EndProject
Global
	GlobalSection(SolutionConfigurationPlatforms) = preSolution
		Debug|Any CPU = Debug|Any CPU
		Release|Any CPU = Release|Any CPU
	EndGlobalSection
	GlobalSection(ProjectConfigurationPlatforms) = postSolution
		{5D4FCAEE-4F58-44EF-B4D9-437B3D2F17B7}.Debug|Any CPU.ActiveCfg = Debug|Any CPU
		{5D4FCAEE-4F58-44EF-B4D9-437B3D2F17B7}.Debug|Any CPU.Build.0 = Debug|Any CPU
		{5D4FCAEE-4F58-44EF-B4D9-437B3D2F17B7}.Release|Any CPU.ActiveCfg = Release|Any CPU
		{5D4FCAEE-4F58-44EF-B4D9-437B3D2F17B7}.Release|Any CPU.Build.0 = Release|Any CPU
	EndGlobalSection
	GlobalSection(SolutionProperties) = preSolution
		HideSolutionNode = FALSE
	EndGlobalSection
	GlobalSection(ExtensibilityGlobals) = postSolution
		SolutionGuid = {CCB088CB-A545-40B2-B018-60F6AB53C664}
	EndGlobalSection
EndGlobal
