
Microsoft Visual Studio Solution File, Format Version 12.00
# Visual Studio Version 16
VisualStudioVersion = 16.0.32228.343
MinimumVisualStudioVersion = 10.0.40219.1
Project("{FAE04EC0-301F-11D3-BF4B-00C04F79EFBC}") = "Task2aprel24", "Task2aprel24\Task2aprel24.csproj", "{DEC65F84-823E-41D2-9773-C74EE25D50EB}"
EndProject
Global
	GlobalSection(SolutionConfigurationPlatforms) = preSolution
		Debug|Any CPU = Debug|Any CPU
		Release|Any CPU = Release|Any CPU
	EndGlobalSection
	GlobalSection(ProjectConfigurationPlatforms) = postSolution
		{DEC65F84-823E-41D2-9773-C74EE25D50EB}.Debug|Any CPU.ActiveCfg = Debug|Any CPU
		{DEC65F84-823E-41D2-9773-C74EE25D50EB}.Debug|Any CPU.Build.0 = Debug|Any CPU
		{DEC65F84-823E-41D2-9773-C74EE25D50EB}.Release|Any CPU.ActiveCfg = Release|Any CPU
		{DEC65F84-823E-41D2-9773-C74EE25D50EB}.Release|Any CPU.Build.0 = Release|Any CPU
	EndGlobalSection
	GlobalSection(SolutionProperties) = preSolution
		HideSolutionNode = FALSE
	EndGlobalSection
	GlobalSection(ExtensibilityGlobals) = postSolution
		SolutionGuid = {A7C67088-594B-44D1-BD78-51133FE91416}
	EndGlobalSection
EndGlobal
